// !$*UTF8*$!
{
	archiveVersion = 1;
	classes = {
	};
	objectVersion = 46;
	objects = {

/* Begin PBXBuildFile section */
		A2324A341AED91BE00C04786 /* roomer.png in Resources */ = {isa = PBXBuildFile; fileRef = A2324A2E1AED91BE00C04786 /* roomer.png */; };
		A2324A351AED91BE00C04786 /* Walkthrough2.png in Resources */ = {isa = PBXBuildFile; fileRef = A2324A2F1AED91BE00C04786 /* Walkthrough2.png */; };
		A2324A361AED91BE00C04786 /* Walkthrough3.jpg in Resources */ = {isa = PBXBuildFile; fileRef = A2324A301AED91BE00C04786 /* Walkthrough3.jpg */; };
		A2324A371AED91BE00C04786 /* Walkthrough1.jpg in Resources */ = {isa = PBXBuildFile; fileRef = A2324A311AED91BE00C04786 /* Walkthrough1.jpg */; };
		A2324A381AED91BE00C04786 /* pin.png in Resources */ = {isa = PBXBuildFile; fileRef = A2324A321AED91BE00C04786 /* pin.png */; };
		A2324A391AED91BE00C04786 /* list.png in Resources */ = {isa = PBXBuildFile; fileRef = A2324A331AED91BE00C04786 /* list.png */; };
		A2324A411AED93F800C04786 /* IntroController.m in Sources */ = {isa = PBXBuildFile; fileRef = A2324A3E1AED93F800C04786 /* IntroController.m */; };
		A2324A421AED93F800C04786 /* PageContentViewController.m in Sources */ = {isa = PBXBuildFile; fileRef = A2324A401AED93F800C04786 /* PageContentViewController.m */; };
		A2324A461AEE036D00C04786 /* roomer-logo.png in Resources */ = {isa = PBXBuildFile; fileRef = A2324A451AEE036D00C04786 /* roomer-logo.png */; };
		A2324A481AEE046300C04786 /* roomer-logo2.png in Resources */ = {isa = PBXBuildFile; fileRef = A2324A471AEE046300C04786 /* roomer-logo2.png */; };
		F34E16411ACF6F530002DFC3 /* main.m in Sources */ = {isa = PBXBuildFile; fileRef = F34E16401ACF6F530002DFC3 /* main.m */; };
		F34E16441ACF6F530002DFC3 /* AppDelegate.m in Sources */ = {isa = PBXBuildFile; fileRef = F34E16431ACF6F530002DFC3 /* AppDelegate.m */; };
		F34E16471ACF6F530002DFC3 /* ViewController.m in Sources */ = {isa = PBXBuildFile; fileRef = F34E16461ACF6F530002DFC3 /* ViewController.m */; };
		F34E164A1ACF6F530002DFC3 /* Main.storyboard in Resources */ = {isa = PBXBuildFile; fileRef = F34E16481ACF6F530002DFC3 /* Main.storyboard */; };
		F34E164C1ACF6F530002DFC3 /* Images.xcassets in Resources */ = {isa = PBXBuildFile; fileRef = F34E164B1ACF6F530002DFC3 /* Images.xcassets */; };
		F34E164F1ACF6F530002DFC3 /* LaunchScreen.xib in Resources */ = {isa = PBXBuildFile; fileRef = F34E164D1ACF6F530002DFC3 /* LaunchScreen.xib */; };
		F34E165B1ACF6F530002DFC3 /* RoomerTests.m in Sources */ = {isa = PBXBuildFile; fileRef = F34E165A1ACF6F530002DFC3 /* RoomerTests.m */; };
		F34E16661ACF70F40002DFC3 /* TableViewController.m in Sources */ = {isa = PBXBuildFile; fileRef = F34E16651ACF70F40002DFC3 /* TableViewController.m */; };
		F34E16691ACF73D20002DFC3 /* TableViewCell.m in Sources */ = {isa = PBXBuildFile; fileRef = F34E16681ACF73D20002DFC3 /* TableViewCell.m */; };
		F34E166C1ACF8CD30002DFC3 /* CellBoundedLabels.m in Sources */ = {isa = PBXBuildFile; fileRef = F34E166B1ACF8CD30002DFC3 /* CellBoundedLabels.m */; };
		F3C5BA681AD0FE6E0057FB8B /* CoreLocation.framework in Frameworks */ = {isa = PBXBuildFile; fileRef = F3C5BA671AD0FE6E0057FB8B /* CoreLocation.framework */; };
		F3C5BA6A1AD0FE780057FB8B /* UIKit.framework in Frameworks */ = {isa = PBXBuildFile; fileRef = F3C5BA691AD0FE780057FB8B /* UIKit.framework */; };
		F3C5BA6C1AD0FE800057FB8B /* Foundation.framework in Frameworks */ = {isa = PBXBuildFile; fileRef = F3C5BA6B1AD0FE800057FB8B /* Foundation.framework */; };
		F3CEE84B1AD2270F008DC474 /* MapKit.framework in Frameworks */ = {isa = PBXBuildFile; fileRef = F3CEE84A1AD2270F008DC474 /* MapKit.framework */; };
		F3CEE8521AD230D6008DC474 /* RoomObject.m in Sources */ = {isa = PBXBuildFile; fileRef = F3CEE8511AD230D6008DC474 /* RoomObject.m */; };
		F3D8D6A21AED8CEF005F6913 /* AccessToken.m in Sources */ = {isa = PBXBuildFile; fileRef = F3D8D6A11AED8CEF005F6913 /* AccessToken.m */; };
		F3D8D6A51AED8D98005F6913 /* LoginViewController.m in Sources */ = {isa = PBXBuildFile; fileRef = F3D8D6A41AED8D98005F6913 /* LoginViewController.m */; };
		F3D8D6A81AED8DAE005F6913 /* NavigationController.m in Sources */ = {isa = PBXBuildFile; fileRef = F3D8D6A71AED8DAE005F6913 /* NavigationController.m */; };
		F3D8D6AE1AED8DEC005F6913 /* Info.plist in Resources */ = {isa = PBXBuildFile; fileRef = F3D8D6AD1AED8DEC005F6913 /* Info.plist */; };
		F3D8D6B11AED8E8B005F6913 /* DetailViewController.m in Sources */ = {isa = PBXBuildFile; fileRef = F3D8D6B01AED8E8B005F6913 /* DetailViewController.m */; };
/* End PBXBuildFile section */

/* Begin PBXContainerItemProxy section */
		F34E16551ACF6F530002DFC3 /* PBXContainerItemProxy */ = {
			isa = PBXContainerItemProxy;
			containerPortal = F34E16331ACF6F530002DFC3 /* Project object */;
			proxyType = 1;
			remoteGlobalIDString = F34E163A1ACF6F530002DFC3;
			remoteInfo = Roomer;
		};
/* End PBXContainerItemProxy section */

/* Begin PBXFileReference section */
		A2324A2E1AED91BE00C04786 /* roomer.png */ = {isa = PBXFileReference; lastKnownFileType = image.png; name = roomer.png; path = ../roomer.png; sourceTree = "<group>"; };
		A2324A2F1AED91BE00C04786 /* Walkthrough2.png */ = {isa = PBXFileReference; lastKnownFileType = image.png; name = Walkthrough2.png; path = ../Walkthrough2.png; sourceTree = "<group>"; };
		A2324A301AED91BE00C04786 /* Walkthrough3.jpg */ = {isa = PBXFileReference; lastKnownFileType = image.jpeg; name = Walkthrough3.jpg; path = ../Walkthrough3.jpg; sourceTree = "<group>"; };
		A2324A311AED91BE00C04786 /* Walkthrough1.jpg */ = {isa = PBXFileReference; lastKnownFileType = image.jpeg; name = Walkthrough1.jpg; path = ../Walkthrough1.jpg; sourceTree = "<group>"; };
		A2324A321AED91BE00C04786 /* pin.png */ = {isa = PBXFileReference; lastKnownFileType = image.png; name = pin.png; path = ../pin.png; sourceTree = "<group>"; };
		A2324A331AED91BE00C04786 /* list.png */ = {isa = PBXFileReference; lastKnownFileType = image.png; name = list.png; path = ../list.png; sourceTree = "<group>"; };
		A2324A3D1AED93F800C04786 /* IntroController.h */ = {isa = PBXFileReference; fileEncoding = 4; lastKnownFileType = sourcecode.c.h; name = IntroController.h; path = ../IntroController.h; sourceTree = "<group>"; };
		A2324A3E1AED93F800C04786 /* IntroController.m */ = {isa = PBXFileReference; fileEncoding = 4; lastKnownFileType = sourcecode.c.objc; name = IntroController.m; path = ../IntroController.m; sourceTree = "<group>"; };
		A2324A3F1AED93F800C04786 /* PageContentViewController.h */ = {isa = PBXFileReference; fileEncoding = 4; lastKnownFileType = sourcecode.c.h; name = PageContentViewController.h; path = ../PageContentViewController.h; sourceTree = "<group>"; };
		A2324A401AED93F800C04786 /* PageContentViewController.m */ = {isa = PBXFileReference; fileEncoding = 4; lastKnownFileType = sourcecode.c.objc; name = PageContentViewController.m; path = ../PageContentViewController.m; sourceTree = "<group>"; };
		A2324A451AEE036D00C04786 /* roomer-logo.png */ = {isa = PBXFileReference; lastKnownFileType = image.png; path = "roomer-logo.png"; sourceTree = "<group>"; };
		A2324A471AEE046300C04786 /* roomer-logo2.png */ = {isa = PBXFileReference; lastKnownFileType = image.png; path = "roomer-logo2.png"; sourceTree = "<group>"; };
		F34E163B1ACF6F530002DFC3 /* Roomer.app */ = {isa = PBXFileReference; explicitFileType = wrapper.application; includeInIndex = 0; path = Roomer.app; sourceTree = BUILT_PRODUCTS_DIR; };
		F34E16401ACF6F530002DFC3 /* main.m */ = {isa = PBXFileReference; lastKnownFileType = sourcecode.c.objc; path = main.m; sourceTree = "<group>"; };
		F34E16421ACF6F530002DFC3 /* AppDelegate.h */ = {isa = PBXFileReference; lastKnownFileType = sourcecode.c.h; path = AppDelegate.h; sourceTree = "<group>"; };
		F34E16431ACF6F530002DFC3 /* AppDelegate.m */ = {isa = PBXFileReference; lastKnownFileType = sourcecode.c.objc; path = AppDelegate.m; sourceTree = "<group>"; };
		F34E16451ACF6F530002DFC3 /* ViewController.h */ = {isa = PBXFileReference; lastKnownFileType = sourcecode.c.h; path = ViewController.h; sourceTree = "<group>"; };
		F34E16461ACF6F530002DFC3 /* ViewController.m */ = {isa = PBXFileReference; lastKnownFileType = sourcecode.c.objc; path = ViewController.m; sourceTree = "<group>"; };
		F34E16491ACF6F530002DFC3 /* Base */ = {isa = PBXFileReference; lastKnownFileType = file.storyboard; name = Base; path = Base.lproj/Main.storyboard; sourceTree = "<group>"; };
		F34E164B1ACF6F530002DFC3 /* Images.xcassets */ = {isa = PBXFileReference; lastKnownFileType = folder.assetcatalog; path = Images.xcassets; sourceTree = "<group>"; };
		F34E164E1ACF6F530002DFC3 /* Base */ = {isa = PBXFileReference; lastKnownFileType = file.xib; name = Base; path = Base.lproj/LaunchScreen.xib; sourceTree = "<group>"; };
		F34E16541ACF6F530002DFC3 /* RoomerTests.xctest */ = {isa = PBXFileReference; explicitFileType = wrapper.cfbundle; includeInIndex = 0; path = RoomerTests.xctest; sourceTree = BUILT_PRODUCTS_DIR; };
		F34E16591ACF6F530002DFC3 /* Info.plist */ = {isa = PBXFileReference; lastKnownFileType = text.plist.xml; path = Info.plist; sourceTree = "<group>"; };
		F34E165A1ACF6F530002DFC3 /* RoomerTests.m */ = {isa = PBXFileReference; lastKnownFileType = sourcecode.c.objc; path = RoomerTests.m; sourceTree = "<group>"; };
		F34E16641ACF70F40002DFC3 /* TableViewController.h */ = {isa = PBXFileReference; fileEncoding = 4; lastKnownFileType = sourcecode.c.h; path = TableViewController.h; sourceTree = "<group>"; };
		F34E16651ACF70F40002DFC3 /* TableViewController.m */ = {isa = PBXFileReference; fileEncoding = 4; lastKnownFileType = sourcecode.c.objc; path = TableViewController.m; sourceTree = "<group>"; };
		F34E16671ACF73D20002DFC3 /* TableViewCell.h */ = {isa = PBXFileReference; fileEncoding = 4; lastKnownFileType = sourcecode.c.h; path = TableViewCell.h; sourceTree = "<group>"; };
		F34E16681ACF73D20002DFC3 /* TableViewCell.m */ = {isa = PBXFileReference; fileEncoding = 4; lastKnownFileType = sourcecode.c.objc; path = TableViewCell.m; sourceTree = "<group>"; };
		F34E166A1ACF8CD30002DFC3 /* CellBoundedLabels.h */ = {isa = PBXFileReference; fileEncoding = 4; lastKnownFileType = sourcecode.c.h; path = CellBoundedLabels.h; sourceTree = "<group>"; };
		F34E166B1ACF8CD30002DFC3 /* CellBoundedLabels.m */ = {isa = PBXFileReference; fileEncoding = 4; lastKnownFileType = sourcecode.c.objc; path = CellBoundedLabels.m; sourceTree = "<group>"; };
		F3C5BA671AD0FE6E0057FB8B /* CoreLocation.framework */ = {isa = PBXFileReference; lastKnownFileType = wrapper.framework; name = CoreLocation.framework; path = System/Library/Frameworks/CoreLocation.framework; sourceTree = SDKROOT; };
		F3C5BA691AD0FE780057FB8B /* UIKit.framework */ = {isa = PBXFileReference; lastKnownFileType = wrapper.framework; name = UIKit.framework; path = System/Library/Frameworks/UIKit.framework; sourceTree = SDKROOT; };
		F3C5BA6B1AD0FE800057FB8B /* Foundation.framework */ = {isa = PBXFileReference; lastKnownFileType = wrapper.framework; name = Foundation.framework; path = System/Library/Frameworks/Foundation.framework; sourceTree = SDKROOT; };
		F3CEE84A1AD2270F008DC474 /* MapKit.framework */ = {isa = PBXFileReference; lastKnownFileType = wrapper.framework; name = MapKit.framework; path = System/Library/Frameworks/MapKit.framework; sourceTree = SDKROOT; };
		F3CEE8501AD230D6008DC474 /* RoomObject.h */ = {isa = PBXFileReference; fileEncoding = 4; lastKnownFileType = sourcecode.c.h; path = RoomObject.h; sourceTree = "<group>"; };
		F3CEE8511AD230D6008DC474 /* RoomObject.m */ = {isa = PBXFileReference; fileEncoding = 4; lastKnownFileType = sourcecode.c.objc; path = RoomObject.m; sourceTree = "<group>"; };
		F3D8D6A01AED8CEF005F6913 /* AccessToken.h */ = {isa = PBXFileReference; fileEncoding = 4; lastKnownFileType = sourcecode.c.h; path = AccessToken.h; sourceTree = "<group>"; };
		F3D8D6A11AED8CEF005F6913 /* AccessToken.m */ = {isa = PBXFileReference; fileEncoding = 4; lastKnownFileType = sourcecode.c.objc; path = AccessToken.m; sourceTree = "<group>"; };
		F3D8D6A31AED8D98005F6913 /* LoginViewController.h */ = {isa = PBXFileReference; fileEncoding = 4; lastKnownFileType = sourcecode.c.h; path = LoginViewController.h; sourceTree = "<group>"; };
		F3D8D6A41AED8D98005F6913 /* LoginViewController.m */ = {isa = PBXFileReference; fileEncoding = 4; lastKnownFileType = sourcecode.c.objc; path = LoginViewController.m; sourceTree = "<group>"; };
		F3D8D6A61AED8DAE005F6913 /* NavigationController.h */ = {isa = PBXFileReference; fileEncoding = 4; lastKnownFileType = sourcecode.c.h; path = NavigationController.h; sourceTree = "<group>"; };
		F3D8D6A71AED8DAE005F6913 /* NavigationController.m */ = {isa = PBXFileReference; fileEncoding = 4; lastKnownFileType = sourcecode.c.objc; path = NavigationController.m; sourceTree = "<group>"; };
		F3D8D6A91AED8DBA005F6913 /* Comfortaa-Regular.ttf */ = {isa = PBXFileReference; lastKnownFileType = file; path = "Comfortaa-Regular.ttf"; sourceTree = "<group>"; };
		F3D8D6AA1AED8DBA005F6913 /* Comfortaa-Light.ttf */ = {isa = PBXFileReference; lastKnownFileType = file; path = "Comfortaa-Light.ttf"; sourceTree = "<group>"; };
		F3D8D6AD1AED8DEC005F6913 /* Info.plist */ = {isa = PBXFileReference; fileEncoding = 4; lastKnownFileType = text.plist.xml; path = Info.plist; sourceTree = "<group>"; };
		F3D8D6AF1AED8E8B005F6913 /* DetailViewController.h */ = {isa = PBXFileReference; fileEncoding = 4; lastKnownFileType = sourcecode.c.h; path = DetailViewController.h; sourceTree = "<group>"; };
		F3D8D6B01AED8E8B005F6913 /* DetailViewController.m */ = {isa = PBXFileReference; fileEncoding = 4; lastKnownFileType = sourcecode.c.objc; path = DetailViewController.m; sourceTree = "<group>"; };
/* End PBXFileReference section */

/* Begin PBXFrameworksBuildPhase section */
		F34E16381ACF6F530002DFC3 /* Frameworks */ = {
			isa = PBXFrameworksBuildPhase;
			buildActionMask = 2147483647;
			files = (
				F3C5BA6C1AD0FE800057FB8B /* Foundation.framework in Frameworks */,
				F3C5BA6A1AD0FE780057FB8B /* UIKit.framework in Frameworks */,
				F3CEE84B1AD2270F008DC474 /* MapKit.framework in Frameworks */,
				F3C5BA681AD0FE6E0057FB8B /* CoreLocation.framework in Frameworks */,
			);
			runOnlyForDeploymentPostprocessing = 0;
		};
		F34E16511ACF6F530002DFC3 /* Frameworks */ = {
			isa = PBXFrameworksBuildPhase;
			buildActionMask = 2147483647;
			files = (
			);
			runOnlyForDeploymentPostprocessing = 0;
		};
/* End PBXFrameworksBuildPhase section */

/* Begin PBXGroup section */
		F34E16321ACF6F530002DFC3 = {
			isa = PBXGroup;
			children = (
				F3CEE84A1AD2270F008DC474 /* MapKit.framework */,
				F3C5BA6B1AD0FE800057FB8B /* Foundation.framework */,
				F3C5BA691AD0FE780057FB8B /* UIKit.framework */,
				F3C5BA671AD0FE6E0057FB8B /* CoreLocation.framework */,
				F34E163D1ACF6F530002DFC3 /* Roomer */,
				F34E16571ACF6F530002DFC3 /* RoomerTests */,
				F34E163C1ACF6F530002DFC3 /* Products */,
			);
			sourceTree = "<group>";
		};
		F34E163C1ACF6F530002DFC3 /* Products */ = {
			isa = PBXGroup;
			children = (
				F34E163B1ACF6F530002DFC3 /* Roomer.app */,
				F34E16541ACF6F530002DFC3 /* RoomerTests.xctest */,
			);
			name = Products;
			sourceTree = "<group>";
		};
		F34E163D1ACF6F530002DFC3 /* Roomer */ = {
			isa = PBXGroup;
			children = (
				F34E16421ACF6F530002DFC3 /* AppDelegate.h */,
				F34E16431ACF6F530002DFC3 /* AppDelegate.m */,
				A2324A3D1AED93F800C04786 /* IntroController.h */,
				A2324A3E1AED93F800C04786 /* IntroController.m */,
				A2324A3F1AED93F800C04786 /* PageContentViewController.h */,
				A2324A401AED93F800C04786 /* PageContentViewController.m */,
				F3D8D6A01AED8CEF005F6913 /* AccessToken.h */,
				F3D8D6A11AED8CEF005F6913 /* AccessToken.m */,
				F34E16451ACF6F530002DFC3 /* ViewController.h */,
				F34E16461ACF6F530002DFC3 /* ViewController.m */,
				F34E16481ACF6F530002DFC3 /* Main.storyboard */,
				F3D8D6A31AED8D98005F6913 /* LoginViewController.h */,
				F3D8D6A41AED8D98005F6913 /* LoginViewController.m */,
				F3D8D6A61AED8DAE005F6913 /* NavigationController.h */,
				F3D8D6A71AED8DAE005F6913 /* NavigationController.m */,
				F3D8D6A91AED8DBA005F6913 /* Comfortaa-Regular.ttf */,
				F3D8D6AA1AED8DBA005F6913 /* Comfortaa-Light.ttf */,
				F34E16641ACF70F40002DFC3 /* TableViewController.h */,
				F34E16651ACF70F40002DFC3 /* TableViewController.m */,
				F3CEE8501AD230D6008DC474 /* RoomObject.h */,
				F3CEE8511AD230D6008DC474 /* RoomObject.m */,
				F34E16671ACF73D20002DFC3 /* TableViewCell.h */,
				F34E16681ACF73D20002DFC3 /* TableViewCell.m */,
				F34E166A1ACF8CD30002DFC3 /* CellBoundedLabels.h */,
				F34E166B1ACF8CD30002DFC3 /* CellBoundedLabels.m */,
				F3D8D6AF1AED8E8B005F6913 /* DetailViewController.h */,
				F3D8D6B01AED8E8B005F6913 /* DetailViewController.m */,
				F34E164B1ACF6F530002DFC3 /* Images.xcassets */,
				F34E164D1ACF6F530002DFC3 /* LaunchScreen.xib */,
				F34E163E1ACF6F530002DFC3 /* Supporting Files */,
				A2324A2E1AED91BE00C04786 /* roomer.png */,
				A2324A2F1AED91BE00C04786 /* Walkthrough2.png */,
				A2324A301AED91BE00C04786 /* Walkthrough3.jpg */,
				A2324A311AED91BE00C04786 /* Walkthrough1.jpg */,
				A2324A321AED91BE00C04786 /* pin.png */,
				A2324A331AED91BE00C04786 /* list.png */,
				A2324A451AEE036D00C04786 /* roomer-logo.png */,
			);
			path = Roomer;
			sourceTree = "<group>";
		};
		F34E163E1ACF6F530002DFC3 /* Supporting Files */ = {
			isa = PBXGroup;
			children = (
				A2324A471AEE046300C04786 /* roomer-logo2.png */,
				F3D8D6AD1AED8DEC005F6913 /* Info.plist */,
				F34E16401ACF6F530002DFC3 /* main.m */,
			);
			name = "Supporting Files";
			sourceTree = "<group>";
		};
		F34E16571ACF6F530002DFC3 /* RoomerTests */ = {
			isa = PBXGroup;
			children = (
				F34E165A1ACF6F530002DFC3 /* RoomerTests.m */,
				F34E16581ACF6F530002DFC3 /* Supporting Files */,
			);
			path = RoomerTests;
			sourceTree = "<group>";
		};
		F34E16581ACF6F530002DFC3 /* Supporting Files */ = {
			isa = PBXGroup;
			children = (
				F34E16591ACF6F530002DFC3 /* Info.plist */,
			);
			name = "Supporting Files";
			sourceTree = "<group>";
		};
/* End PBXGroup section */

/* Begin PBXNativeTarget section */
		F34E163A1ACF6F530002DFC3 /* Roomer */ = {
			isa = PBXNativeTarget;
			buildConfigurationList = F34E165E1ACF6F530002DFC3 /* Build configuration list for PBXNativeTarget "Roomer" */;
			buildPhases = (
				F34E16371ACF6F530002DFC3 /* Sources */,
				F34E16381ACF6F530002DFC3 /* Frameworks */,
				F34E16391ACF6F530002DFC3 /* Resources */,
			);
			buildRules = (
			);
			dependencies = (
			);
			name = Roomer;
			productName = Roomer;
			productReference = F34E163B1ACF6F530002DFC3 /* Roomer.app */;
			productType = "com.apple.product-type.application";
		};
		F34E16531ACF6F530002DFC3 /* RoomerTests */ = {
			isa = PBXNativeTarget;
			buildConfigurationList = F34E16611ACF6F530002DFC3 /* Build configuration list for PBXNativeTarget "RoomerTests" */;
			buildPhases = (
				F34E16501ACF6F530002DFC3 /* Sources */,
				F34E16511ACF6F530002DFC3 /* Frameworks */,
				F34E16521ACF6F530002DFC3 /* Resources */,
			);
			buildRules = (
			);
			dependencies = (
				F34E16561ACF6F530002DFC3 /* PBXTargetDependency */,
			);
			name = RoomerTests;
			productName = RoomerTests;
			productReference = F34E16541ACF6F530002DFC3 /* RoomerTests.xctest */;
			productType = "com.apple.product-type.bundle.unit-test";
		};
/* End PBXNativeTarget section */

/* Begin PBXProject section */
		F34E16331ACF6F530002DFC3 /* Project object */ = {
			isa = PBXProject;
			attributes = {
				LastUpgradeCheck = 0610;
				ORGANIZATIONNAME = Roomer;
				TargetAttributes = {
					F34E163A1ACF6F530002DFC3 = {
						CreatedOnToolsVersion = 6.1.1;
						DevelopmentTeam = U67L2F8U5S;
						SystemCapabilities = {
							com.apple.Maps.iOS = {
								enabled = 1;
							};
						};
					};
					F34E16531ACF6F530002DFC3 = {
						CreatedOnToolsVersion = 6.1.1;
						TestTargetID = F34E163A1ACF6F530002DFC3;
					};
				};
			};
			buildConfigurationList = F34E16361ACF6F530002DFC3 /* Build configuration list for PBXProject "Roomer" */;
			compatibilityVersion = "Xcode 3.2";
			developmentRegion = English;
			hasScannedForEncodings = 0;
			knownRegions = (
				en,
				Base,
			);
			mainGroup = F34E16321ACF6F530002DFC3;
			productRefGroup = F34E163C1ACF6F530002DFC3 /* Products */;
			projectDirPath = "";
			projectRoot = "";
			targets = (
				F34E163A1ACF6F530002DFC3 /* Roomer */,
				F34E16531ACF6F530002DFC3 /* RoomerTests */,
			);
		};
/* End PBXProject section */

/* Begin PBXResourcesBuildPhase section */
		F34E16391ACF6F530002DFC3 /* Resources */ = {
			isa = PBXResourcesBuildPhase;
			buildActionMask = 2147483647;
			files = (
				F34E164A1ACF6F530002DFC3 /* Main.storyboard in Resources */,
				A2324A351AED91BE00C04786 /* Walkthrough2.png in Resources */,
				A2324A481AEE046300C04786 /* roomer-logo2.png in Resources */,
				A2324A361AED91BE00C04786 /* Walkthrough3.jpg in Resources */,
				A2324A381AED91BE00C04786 /* pin.png in Resources */,
				A2324A341AED91BE00C04786 /* roomer.png in Resources */,
				F34E164F1ACF6F530002DFC3 /* LaunchScreen.xib in Resources */,
				F34E164C1ACF6F530002DFC3 /* Images.xcassets in Resources */,
				F3D8D6AE1AED8DEC005F6913 /* Info.plist in Resources */,
				A2324A461AEE036D00C04786 /* roomer-logo.png in Resources */,
				A2324A391AED91BE00C04786 /* list.png in Resources */,
				A2324A371AED91BE00C04786 /* Walkthrough1.jpg in Resources */,
			);
			runOnlyForDeploymentPostprocessing = 0;
		};
		F34E16521ACF6F530002DFC3 /* Resources */ = {
			isa = PBXResourcesBuildPhase;
			buildActionMask = 2147483647;
			files = (
			);
			runOnlyForDeploymentPostprocessing = 0;
		};
/* End PBXResourcesBuildPhase section */

/* Begin PBXSourcesBuildPhase section */
		F34E16371ACF6F530002DFC3 /* Sources */ = {
			isa = PBXSourcesBuildPhase;
			buildActionMask = 2147483647;
			files = (
				A2324A411AED93F800C04786 /* IntroController.m in Sources */,
				F34E16471ACF6F530002DFC3 /* ViewController.m in Sources */,
				F34E16441ACF6F530002DFC3 /* AppDelegate.m in Sources */,
				F34E16411ACF6F530002DFC3 /* main.m in Sources */,
				F3D8D6A21AED8CEF005F6913 /* AccessToken.m in Sources */,
				F34E16691ACF73D20002DFC3 /* TableViewCell.m in Sources */,
				F3D8D6A51AED8D98005F6913 /* LoginViewController.m in Sources */,
				F34E166C1ACF8CD30002DFC3 /* CellBoundedLabels.m in Sources */,
				A2324A421AED93F800C04786 /* PageContentViewController.m in Sources */,
				F3D8D6B11AED8E8B005F6913 /* DetailViewController.m in Sources */,
				F3D8D6A81AED8DAE005F6913 /* NavigationController.m in Sources */,
				F3CEE8521AD230D6008DC474 /* RoomObject.m in Sources */,
				F34E16661ACF70F40002DFC3 /* TableViewController.m in Sources */,
			);
			runOnlyForDeploymentPostprocessing = 0;
		};
		F34E16501ACF6F530002DFC3 /* Sources */ = {
			isa = PBXSourcesBuildPhase;
			buildActionMask = 2147483647;
			files = (
				F34E165B1ACF6F530002DFC3 /* RoomerTests.m in Sources */,
			);
			runOnlyForDeploymentPostprocessing = 0;
		};
/* End PBXSourcesBuildPhase section */

/* Begin PBXTargetDependency section */
		F34E16561ACF6F530002DFC3 /* PBXTargetDependency */ = {
			isa = PBXTargetDependency;
			target = F34E163A1ACF6F530002DFC3 /* Roomer */;
			targetProxy = F34E16551ACF6F530002DFC3 /* PBXContainerItemProxy */;
		};
/* End PBXTargetDependency section */

/* Begin PBXVariantGroup section */
		F34E16481ACF6F530002DFC3 /* Main.storyboard */ = {
			isa = PBXVariantGroup;
			children = (
				F34E16491ACF6F530002DFC3 /* Base */,
			);
			name = Main.storyboard;
			sourceTree = "<group>";
		};
		F34E164D1ACF6F530002DFC3 /* LaunchScreen.xib */ = {
			isa = PBXVariantGroup;
			children = (
				F34E164E1ACF6F530002DFC3 /* Base */,
			);
			name = LaunchScreen.xib;
			sourceTree = "<group>";
		};
/* End PBXVariantGroup section */

/* Begin XCBuildConfiguration section */
		F34E165C1ACF6F530002DFC3 /* Debug */ = {
			isa = XCBuildConfiguration;
			buildSettings = {
				ALWAYS_SEARCH_USER_PATHS = NO;
				CLANG_CXX_LANGUAGE_STANDARD = "gnu++0x";
				CLANG_CXX_LIBRARY = "libc++";
				CLANG_ENABLE_MODULES = YES;
				CLANG_ENABLE_OBJC_ARC = YES;
				CLANG_WARN_BOOL_CONVERSION = YES;
				CLANG_WARN_CONSTANT_CONVERSION = YES;
				CLANG_WARN_DIRECT_OBJC_ISA_USAGE = YES_ERROR;
				CLANG_WARN_EMPTY_BODY = YES;
				CLANG_WARN_ENUM_CONVERSION = YES;
				CLANG_WARN_INT_CONVERSION = YES;
				CLANG_WARN_OBJC_ROOT_CLASS = YES_ERROR;
				CLANG_WARN_UNREACHABLE_CODE = YES;
				CLANG_WARN__DUPLICATE_METHOD_MATCH = YES;
				"CODE_SIGN_IDENTITY[sdk=iphoneos*]" = "iPhone Developer";
				COPY_PHASE_STRIP = NO;
				ENABLE_STRICT_OBJC_MSGSEND = YES;
				GCC_C_LANGUAGE_STANDARD = gnu99;
				GCC_DYNAMIC_NO_PIC = NO;
				GCC_OPTIMIZATION_LEVEL = 0;
				GCC_PREPROCESSOR_DEFINITIONS = (
					"DEBUG=1",
					"$(inherited)",
				);
				GCC_SYMBOLS_PRIVATE_EXTERN = NO;
				GCC_WARN_64_TO_32_BIT_CONVERSION = YES;
				GCC_WARN_ABOUT_RETURN_TYPE = YES_ERROR;
				GCC_WARN_UNDECLARED_SELECTOR = YES;
				GCC_WARN_UNINITIALIZED_AUTOS = YES_AGGRESSIVE;
				GCC_WARN_UNUSED_FUNCTION = YES;
				GCC_WARN_UNUSED_VARIABLE = YES;
				IPHONEOS_DEPLOYMENT_TARGET = 8.1;
				MTL_ENABLE_DEBUG_INFO = YES;
				ONLY_ACTIVE_ARCH = YES;
				SDKROOT = iphoneos;
				TARGETED_DEVICE_FAMILY = "1,2";
			};
			name = Debug;
		};
		F34E165D1ACF6F530002DFC3 /* Release */ = {
			isa = XCBuildConfiguration;
			buildSettings = {
				ALWAYS_SEARCH_USER_PATHS = NO;
				CLANG_CXX_LANGUAGE_STANDARD = "gnu++0x";
				CLANG_CXX_LIBRARY = "libc++";
				CLANG_ENABLE_MODULES = YES;
				CLANG_ENABLE_OBJC_ARC = YES;
				CLANG_WARN_BOOL_CONVERSION = YES;
				CLANG_WARN_CONSTANT_CONVERSION = YES;
				CLANG_WARN_DIRECT_OBJC_ISA_USAGE = YES_ERROR;
				CLANG_WARN_EMPTY_BODY = YES;
				CLANG_WARN_ENUM_CONVERSION = YES;
				CLANG_WARN_INT_CONVERSION = YES;
				CLANG_WARN_OBJC_ROOT_CLASS = YES_ERROR;
				CLANG_WARN_UNREACHABLE_CODE = YES;
				CLANG_WARN__DUPLICATE_METHOD_MATCH = YES;
				"CODE_SIGN_IDENTITY[sdk=iphoneos*]" = "iPhone Developer";
				COPY_PHASE_STRIP = YES;
				ENABLE_NS_ASSERTIONS = NO;
				ENABLE_STRICT_OBJC_MSGSEND = YES;
				GCC_C_LANGUAGE_STANDARD = gnu99;
				GCC_WARN_64_TO_32_BIT_CONVERSION = YES;
				GCC_WARN_ABOUT_RETURN_TYPE = YES_ERROR;
				GCC_WARN_UNDECLARED_SELECTOR = YES;
				GCC_WARN_UNINITIALIZED_AUTOS = YES_AGGRESSIVE;
				GCC_WARN_UNUSED_FUNCTION = YES;
				GCC_WARN_UNUSED_VARIABLE = YES;
				IPHONEOS_DEPLOYMENT_TARGET = 8.1;
				MTL_ENABLE_DEBUG_INFO = NO;
				SDKROOT = iphoneos;
				TARGETED_DEVICE_FAMILY = "1,2";
				VALIDATE_PRODUCT = YES;
			};
			name = Release;
		};
		F34E165F1ACF6F530002DFC3 /* Debug */ = {
			isa = XCBuildConfiguration;
			buildSettings = {
				ASSETCATALOG_COMPILER_APPICON_NAME = AppIcon;
				CODE_SIGN_IDENTITY = "iPhone Developer";
				"CODE_SIGN_IDENTITY[sdk=iphoneos*]" = "iPhone Developer";
				INFOPLIST_FILE = Roomer/Info.plist;
				LD_RUNPATH_SEARCH_PATHS = "$(inherited) @executable_path/Frameworks";
				PRODUCT_NAME = "$(TARGET_NAME)";
				PROVISIONING_PROFILE = "";
			};
			name = Debug;
		};
		F34E16601ACF6F530002DFC3 /* Release */ = {
			isa = XCBuildConfiguration;
			buildSettings = {
				ASSETCATALOG_COMPILER_APPICON_NAME = AppIcon;
				CODE_SIGN_IDENTITY = "iPhone Developer";
				"CODE_SIGN_IDENTITY[sdk=iphoneos*]" = "iPhone Developer";
				INFOPLIST_FILE = Roomer/Info.plist;
				LD_RUNPATH_SEARCH_PATHS = "$(inherited) @executable_path/Frameworks";
				PRODUCT_NAME = "$(TARGET_NAME)";
				PROVISIONING_PROFILE = "";
			};
			name = Release;
		};
		F34E16621ACF6F530002DFC3 /* Debug */ = {
			isa = XCBuildConfiguration;
			buildSettings = {
				BUNDLE_LOADER = "$(TEST_HOST)";
				FRAMEWORK_SEARCH_PATHS = (
					"$(SDKROOT)/Developer/Library/Frameworks",
					"$(inherited)",
				);
				GCC_PREPROCESSOR_DEFINITIONS = (
					"DEBUG=1",
					"$(inherited)",
				);
				INFOPLIST_FILE = RoomerTests/Info.plist;
				LD_RUNPATH_SEARCH_PATHS = "$(inherited) @executable_path/Frameworks @loader_path/Frameworks";
				PRODUCT_NAME = "$(TARGET_NAME)";
				TEST_HOST = "$(BUILT_PRODUCTS_DIR)/Roomer.app/Roomer";
			};
			name = Debug;
		};
		F34E16631ACF6F530002DFC3 /* Release */ = {
			isa = XCBuildConfiguration;
			buildSettings = {
				BUNDLE_LOADER = "$(TEST_HOST)";
				FRAMEWORK_SEARCH_PATHS = (
					"$(SDKROOT)/Developer/Library/Frameworks",
					"$(inherited)",
				);
				INFOPLIST_FILE = RoomerTests/Info.plist;
				LD_RUNPATH_SEARCH_PATHS = "$(inherited) @executable_path/Frameworks @loader_path/Frameworks";
				PRODUCT_NAME = "$(TARGET_NAME)";
				TEST_HOST = "$(BUILT_PRODUCTS_DIR)/Roomer.app/Roomer";
			};
			name = Release;
		};
/* End XCBuildConfiguration section */

/* Begin XCConfigurationList section */
		F34E16361ACF6F530002DFC3 /* Build configuration list for PBXProject "Roomer" */ = {
			isa = XCConfigurationList;
			buildConfigurations = (
				F34E165C1ACF6F530002DFC3 /* Debug */,
				F34E165D1ACF6F530002DFC3 /* Release */,
			);
			defaultConfigurationIsVisible = 0;
			defaultConfigurationName = Release;
		};
		F34E165E1ACF6F530002DFC3 /* Build configuration list for PBXNativeTarget "Roomer" */ = {
			isa = XCConfigurationList;
			buildConfigurations = (
				F34E165F1ACF6F530002DFC3 /* Debug */,
				F34E16601ACF6F530002DFC3 /* Release */,
			);
			defaultConfigurationIsVisible = 0;
			defaultConfigurationName = Release;
		};
		F34E16611ACF6F530002DFC3 /* Build configuration list for PBXNativeTarget "RoomerTests" */ = {
			isa = XCConfigurationList;
			buildConfigurations = (
				F34E16621ACF6F530002DFC3 /* Debug */,
				F34E16631ACF6F530002DFC3 /* Release */,
			);
			defaultConfigurationIsVisible = 0;
			defaultConfigurationName = Release;
		};
/* End XCConfigurationList section */
	};
	rootObject = F34E16331ACF6F530002DFC3 /* Project object */;
}
